
Microsoft Visual Studio Solution File, Format Version 12.00
# Visual Studio 2012
Project("{FAE04EC0-301F-11D3-BF4B-00C04F79EFBC}") = "Gui Games", "Gui Games\Gui Games.csproj", "{A59FC88B-2ED2-4DF3-9888-F16D6CC9B73E}"
EndProject
Project("{FAE04EC0-301F-11D3-BF4B-00C04F79EFBC}") = "Game_Class_Library", "Game_Class_Library\Game_Class_Library.csproj", "{B734C5E9-0FBB-4C16-9E8A-BEE46270E32F}"
EndProject
Project("{FAE04EC0-301F-11D3-BF4B-00C04F79EFBC}") = "Shared Game Class Library", "Shared Game Class Library\Shared Game Class Library.csproj", "{CA5F4B22-A161-4988-85D6-D3EA754E5DF5}"
EndProject
Global
	GlobalSection(SolutionConfigurationPlatforms) = preSolution
		Debug|Any CPU = Debug|Any CPU
		Release|Any CPU = Release|Any CPU
	EndGlobalSection
	GlobalSection(ProjectConfigurationPlatforms) = postSolution
		{A59FC88B-2ED2-4DF3-9888-F16D6CC9B73E}.Debug|Any CPU.ActiveCfg = Debug|Any CPU
		{A59FC88B-2ED2-4DF3-9888-F16D6CC9B73E}.Debug|Any CPU.Build.0 = Debug|Any CPU
		{A59FC88B-2ED2-4DF3-9888-F16D6CC9B73E}.Release|Any CPU.ActiveCfg = Release|Any CPU
		{A59FC88B-2ED2-4DF3-9888-F16D6CC9B73E}.Release|Any CPU.Build.0 = Release|Any CPU
		{B734C5E9-0FBB-4C16-9E8A-BEE46270E32F}.Debug|Any CPU.ActiveCfg = Debug|Any CPU
		{B734C5E9-0FBB-4C16-9E8A-BEE46270E32F}.Debug|Any CPU.Build.0 = Debug|Any CPU
		{B734C5E9-0FBB-4C16-9E8A-BEE46270E32F}.Release|Any CPU.ActiveCfg = Release|Any CPU
		{B734C5E9-0FBB-4C16-9E8A-BEE46270E32F}.Release|Any CPU.Build.0 = Release|Any CPU
		{CA5F4B22-A161-4988-85D6-D3EA754E5DF5}.Debug|Any CPU.ActiveCfg = Debug|Any CPU
		{CA5F4B22-A161-4988-85D6-D3EA754E5DF5}.Debug|Any CPU.Build.0 = Debug|Any CPU
		{CA5F4B22-A161-4988-85D6-D3EA754E5DF5}.Release|Any CPU.ActiveCfg = Release|Any CPU
		{CA5F4B22-A161-4988-85D6-D3EA754E5DF5}.Release|Any CPU.Build.0 = Release|Any CPU
	EndGlobalSection
	GlobalSection(SolutionProperties) = preSolution
		HideSolutionNode = FALSE
	EndGlobalSection
EndGlobal
